
Microsoft Visual Studio Solution File, Format Version 12.00
# Visual Studio Version 17
VisualStudioVersion = 17.1.32210.238
MinimumVisualStudioVersion = 10.0.40219.1
Project("{FAE04EC0-301F-11D3-BF4B-00C04F79EFBC}") = "Uppgift 6.1", "Uppgift 6.1\Uppgift 6.1.csproj", "{CFAC8D20-33AC-45B6-8BBA-DD829A8F67CE}"
EndProject
Global
	GlobalSection(SolutionConfigurationPlatforms) = preSolution
		Debug|Any CPU = Debug|Any CPU
		Release|Any CPU = Release|Any CPU
	EndGlobalSection
	GlobalSection(ProjectConfigurationPlatforms) = postSolution
		{CFAC8D20-33AC-45B6-8BBA-DD829A8F67CE}.Debug|Any CPU.ActiveCfg = Debug|Any CPU
		{CFAC8D20-33AC-45B6-8BBA-DD829A8F67CE}.Debug|Any CPU.Build.0 = Debug|Any CPU
		{CFAC8D20-33AC-45B6-8BBA-DD829A8F67CE}.Release|Any CPU.ActiveCfg = Release|Any CPU
		{CFAC8D20-33AC-45B6-8BBA-DD829A8F67CE}.Release|Any CPU.Build.0 = Release|Any CPU
	EndGlobalSection
	GlobalSection(SolutionProperties) = preSolution
		HideSolutionNode = FALSE
	EndGlobalSection
	GlobalSection(ExtensibilityGlobals) = postSolution
		SolutionGuid = {F78767DC-C702-496C-A794-9AFC6C7F2FBD}
	EndGlobalSection
EndGlobal
